
Microsoft Visual Studio Solution File, Format Version 11.00
# Visual Studio 2010
Project("{8BC9CEB8-8B4A-11D0-8D11-00A0C91BC942}") = "lab1_5", "lab1_5\lab1_5.vcxproj", "{7AA45D86-6242-4A3A-AED4-DAA6BC977175}"
EndProject
Global
	GlobalSection(SolutionConfigurationPlatforms) = preSolution
		Debug|Win32 = Debug|Win32
		Release|Win32 = Release|Win32
	EndGlobalSection
	GlobalSection(ProjectConfigurationPlatforms) = postSolution
		{7AA45D86-6242-4A3A-AED4-DAA6BC977175}.Debug|Win32.ActiveCfg = Debug|Win32
		{7AA45D86-6242-4A3A-AED4-DAA6BC977175}.Debug|Win32.Build.0 = Debug|Win32
		{7AA45D86-6242-4A3A-AED4-DAA6BC977175}.Release|Win32.ActiveCfg = Release|Win32
		{7AA45D86-6242-4A3A-AED4-DAA6BC977175}.Release|Win32.Build.0 = Release|Win32
	EndGlobalSection
	GlobalSection(SolutionProperties) = preSolution
		HideSolutionNode = FALSE
	EndGlobalSection
EndGlobal
